// !$*UTF8*$!
{
	archiveVersion = 1;
	classes = {
	};
	objectVersion = 50;
	objects = {

/* Begin PBXBuildFile section */
		524B669620F7526F00E67332 /* AppDelegate.swift in Sources */ = {isa = PBXBuildFile; fileRef = 524B669520F7526F00E67332 /* AppDelegate.swift */; };
		524B669D20F7527000E67332 /* Assets.xcassets in Resources */ = {isa = PBXBuildFile; fileRef = 524B669C20F7527000E67332 /* Assets.xcassets */; };
		524B66A020F7527000E67332 /* LaunchScreen.storyboard in Resources */ = {isa = PBXBuildFile; fileRef = 524B669E20F7527000E67332 /* LaunchScreen.storyboard */; };
		524B66AD20F7536300E67332 /* SACRenderPipelineState.swift in Sources */ = {isa = PBXBuildFile; fileRef = 524B66AB20F7536300E67332 /* SACRenderPipelineState.swift */; };
		524B66AE20F7536300E67332 /* SACMetalCenter.swift in Sources */ = {isa = PBXBuildFile; fileRef = 524B66AC20F7536300E67332 /* SACMetalCenter.swift */; };
		524B66B420F7537900E67332 /* Gamma.metal in Sources */ = {isa = PBXBuildFile; fileRef = 524B66B020F7537900E67332 /* Gamma.metal */; };
		524B66B520F7537900E67332 /* Gradient.metal in Sources */ = {isa = PBXBuildFile; fileRef = 524B66B120F7537900E67332 /* Gradient.metal */; };
		524B66B620F7537900E67332 /* Grayscale.metal in Sources */ = {isa = PBXBuildFile; fileRef = 524B66B220F7537900E67332 /* Grayscale.metal */; };
		524B66B720F7537900E67332 /* Mapping.metal in Sources */ = {isa = PBXBuildFile; fileRef = 524B66B320F7537900E67332 /* Mapping.metal */; };
		524B66B920F7539900E67332 /* VideoProvider.swift in Sources */ = {isa = PBXBuildFile; fileRef = 524B66B820F7539900E67332 /* VideoProvider.swift */; };
		524B66BC20F7565400E67332 /* VideoProcessingViewController.xib in Resources */ = {isa = PBXBuildFile; fileRef = 524B66BA20F7565400E67332 /* VideoProcessingViewController.xib */; };
		524B66BD20F7565400E67332 /* VideoProcessingViewController.swift in Sources */ = {isa = PBXBuildFile; fileRef = 524B66BB20F7565400E67332 /* VideoProcessingViewController.swift */; };
/* End PBXBuildFile section */

/* Begin PBXFileReference section */
		524B669220F7526F00E67332 /* Aimer.app */ = {isa = PBXFileReference; explicitFileType = wrapper.application; includeInIndex = 0; path = Aimer.app; sourceTree = BUILT_PRODUCTS_DIR; };
		524B669520F7526F00E67332 /* AppDelegate.swift */ = {isa = PBXFileReference; lastKnownFileType = sourcecode.swift; path = AppDelegate.swift; sourceTree = "<group>"; };
		524B669C20F7527000E67332 /* Assets.xcassets */ = {isa = PBXFileReference; lastKnownFileType = folder.assetcatalog; path = Assets.xcassets; sourceTree = "<group>"; };
		524B669F20F7527000E67332 /* Base */ = {isa = PBXFileReference; lastKnownFileType = file.storyboard; name = Base; path = Base.lproj/LaunchScreen.storyboard; sourceTree = "<group>"; };
		524B66A120F7527000E67332 /* Info.plist */ = {isa = PBXFileReference; lastKnownFileType = text.plist.xml; path = Info.plist; sourceTree = "<group>"; };
		524B66AB20F7536300E67332 /* SACRenderPipelineState.swift */ = {isa = PBXFileReference; fileEncoding = 4; lastKnownFileType = sourcecode.swift; path = SACRenderPipelineState.swift; sourceTree = "<group>"; };
		524B66AC20F7536300E67332 /* SACMetalCenter.swift */ = {isa = PBXFileReference; fileEncoding = 4; lastKnownFileType = sourcecode.swift; path = SACMetalCenter.swift; sourceTree = "<group>"; };
		524B66B020F7537900E67332 /* Gamma.metal */ = {isa = PBXFileReference; fileEncoding = 4; lastKnownFileType = sourcecode.metal; path = Gamma.metal; sourceTree = "<group>"; };
		524B66B120F7537900E67332 /* Gradient.metal */ = {isa = PBXFileReference; fileEncoding = 4; lastKnownFileType = sourcecode.metal; path = Gradient.metal; sourceTree = "<group>"; };
		524B66B220F7537900E67332 /* Grayscale.metal */ = {isa = PBXFileReference; fileEncoding = 4; lastKnownFileType = sourcecode.metal; path = Grayscale.metal; sourceTree = "<group>"; };
		524B66B320F7537900E67332 /* Mapping.metal */ = {isa = PBXFileReference; fileEncoding = 4; lastKnownFileType = sourcecode.metal; path = Mapping.metal; sourceTree = "<group>"; };
		524B66B820F7539900E67332 /* VideoProvider.swift */ = {isa = PBXFileReference; fileEncoding = 4; lastKnownFileType = sourcecode.swift; path = VideoProvider.swift; sourceTree = "<group>"; };
		524B66BA20F7565400E67332 /* VideoProcessingViewController.xib */ = {isa = PBXFileReference; fileEncoding = 4; lastKnownFileType = file.xib; path = VideoProcessingViewController.xib; sourceTree = "<group>"; };
		524B66BB20F7565400E67332 /* VideoProcessingViewController.swift */ = {isa = PBXFileReference; fileEncoding = 4; lastKnownFileType = sourcecode.swift; path = VideoProcessingViewController.swift; sourceTree = "<group>"; };
/* End PBXFileReference section */

/* Begin PBXFrameworksBuildPhase section */
		524B668F20F7526F00E67332 /* Frameworks */ = {
			isa = PBXFrameworksBuildPhase;
			buildActionMask = 2147483647;
			files = (
			);
			runOnlyForDeploymentPostprocessing = 0;
		};
/* End PBXFrameworksBuildPhase section */

/* Begin PBXGroup section */
		524B668920F7526F00E67332 = {
			isa = PBXGroup;
			children = (
				524B669420F7526F00E67332 /* Aimer */,
				524B669320F7526F00E67332 /* Products */,
			);
			sourceTree = "<group>";
		};
		524B669320F7526F00E67332 /* Products */ = {
			isa = PBXGroup;
			children = (
				524B669220F7526F00E67332 /* Aimer.app */,
			);
			name = Products;
			sourceTree = "<group>";
		};
		524B669420F7526F00E67332 /* Aimer */ = {
			isa = PBXGroup;
			children = (
				524B66AF20F7536500E67332 /* Shader */,
				524B669520F7526F00E67332 /* AppDelegate.swift */,
				524B66AC20F7536300E67332 /* SACMetalCenter.swift */,
				524B66AB20F7536300E67332 /* SACRenderPipelineState.swift */,
				524B66BB20F7565400E67332 /* VideoProcessingViewController.swift */,
				524B66BA20F7565400E67332 /* VideoProcessingViewController.xib */,
				524B66B820F7539900E67332 /* VideoProvider.swift */,
				524B669C20F7527000E67332 /* Assets.xcassets */,
				524B669E20F7527000E67332 /* LaunchScreen.storyboard */,
				524B66A120F7527000E67332 /* Info.plist */,
			);
			path = Aimer;
			sourceTree = "<group>";
		};
		524B66AF20F7536500E67332 /* Shader */ = {
			isa = PBXGroup;
			children = (
				524B66B020F7537900E67332 /* Gamma.metal */,
				524B66B120F7537900E67332 /* Gradient.metal */,
				524B66B220F7537900E67332 /* Grayscale.metal */,
				524B66B320F7537900E67332 /* Mapping.metal */,
			);
			path = Shader;
			sourceTree = "<group>";
		};
/* End PBXGroup section */

/* Begin PBXNativeTarget section */
		524B669120F7526F00E67332 /* Aimer */ = {
			isa = PBXNativeTarget;
			buildConfigurationList = 524B66A420F7527000E67332 /* Build configuration list for PBXNativeTarget "Aimer" */;
			buildPhases = (
				524B668E20F7526F00E67332 /* Sources */,
				524B668F20F7526F00E67332 /* Frameworks */,
				524B669020F7526F00E67332 /* Resources */,
			);
			buildRules = (
			);
			dependencies = (
			);
			name = Aimer;
			productName = Aimer;
			productReference = 524B669220F7526F00E67332 /* Aimer.app */;
			productType = "com.apple.product-type.application";
		};
/* End PBXNativeTarget section */

/* Begin PBXProject section */
		524B668A20F7526F00E67332 /* Project object */ = {
			isa = PBXProject;
			attributes = {
				LastSwiftUpdateCheck = 0940;
				LastUpgradeCheck = 0940;
				ORGANIZATIONNAME = Carolar;
				TargetAttributes = {
					524B669120F7526F00E67332 = {
						CreatedOnToolsVersion = 9.4.1;
					};
				};
			};
			buildConfigurationList = 524B668D20F7526F00E67332 /* Build configuration list for PBXProject "Aimer" */;
			compatibilityVersion = "Xcode 9.3";
			developmentRegion = en;
			hasScannedForEncodings = 0;
			knownRegions = (
				en,
				Base,
			);
			mainGroup = 524B668920F7526F00E67332;
			productRefGroup = 524B669320F7526F00E67332 /* Products */;
			projectDirPath = "";
			projectRoot = "";
			targets = (
				524B669120F7526F00E67332 /* Aimer */,
			);
		};
/* End PBXProject section */

/* Begin PBXResourcesBuildPhase section */
		524B669020F7526F00E67332 /* Resources */ = {
			isa = PBXResourcesBuildPhase;
			buildActionMask = 2147483647;
			files = (
				524B66BC20F7565400E67332 /* VideoProcessingViewController.xib in Resources */,
				524B66A020F7527000E67332 /* LaunchScreen.storyboard in Resources */,
				524B669D20F7527000E67332 /* Assets.xcassets in Resources */,
			);
			runOnlyForDeploymentPostprocessing = 0;
		};
/* End PBXResourcesBuildPhase section */

/* Begin PBXSourcesBuildPhase section */
		524B668E20F7526F00E67332 /* Sources */ = {
			isa = PBXSourcesBuildPhase;
			buildActionMask = 2147483647;
			files = (
				524B66B920F7539900E67332 /* VideoProvider.swift in Sources */,
				524B66B620F7537900E67332 /* Grayscale.metal in Sources */,
				524B66B720F7537900E67332 /* Mapping.metal in Sources */,
				524B66AD20F7536300E67332 /* SACRenderPipelineState.swift in Sources */,
				524B66AE20F7536300E67332 /* SACMetalCenter.swift in Sources */,
				524B66B520F7537900E67332 /* Gradient.metal in Sources */,
				524B66B420F7537900E67332 /* Gamma.metal in Sources */,
				524B66BD20F7565400E67332 /* VideoProcessingViewController.swift in Sources */,
				524B669620F7526F00E67332 /* AppDelegate.swift in Sources */,
			);
			runOnlyForDeploymentPostprocessing = 0;
		};
/* End PBXSourcesBuildPhase section */

/* Begin PBXVariantGroup section */
		524B669E20F7527000E67332 /* LaunchScreen.storyboard */ = {
			isa = PBXVariantGroup;
			children = (
				524B669F20F7527000E67332 /* Base */,
			);
			name = LaunchScreen.storyboard;
			sourceTree = "<group>";
		};
/* End PBXVariantGroup section */

/* Begin XCBuildConfiguration section */
		524B66A220F7527000E67332 /* Debug */ = {
			isa = XCBuildConfiguration;
			buildSettings = {
				ALWAYS_SEARCH_USER_PATHS = NO;
				CLANG_ANALYZER_NONNULL = YES;
				CLANG_ANALYZER_NUMBER_OBJECT_CONVERSION = YES_AGGRESSIVE;
				CLANG_CXX_LANGUAGE_STANDARD = "gnu++14";
				CLANG_CXX_LIBRARY = "libc++";
				CLANG_ENABLE_MODULES = YES;
				CLANG_ENABLE_OBJC_ARC = YES;
				CLANG_ENABLE_OBJC_WEAK = YES;
				CLANG_WARN_BLOCK_CAPTURE_AUTORELEASING = YES;
				CLANG_WARN_BOOL_CONVERSION = YES;
				CLANG_WARN_COMMA = YES;
				CLANG_WARN_CONSTANT_CONVERSION = YES;
				CLANG_WARN_DEPRECATED_OBJC_IMPLEMENTATIONS = YES;
				CLANG_WARN_DIRECT_OBJC_ISA_USAGE = YES_ERROR;
				CLANG_WARN_DOCUMENTATION_COMMENTS = YES;
				CLANG_WARN_EMPTY_BODY = YES;
				CLANG_WARN_ENUM_CONVERSION = YES;
				CLANG_WARN_INFINITE_RECURSION = YES;
				CLANG_WARN_INT_CONVERSION = YES;
				CLANG_WARN_NON_LITERAL_NULL_CONVERSION = YES;
				CLANG_WARN_OBJC_IMPLICIT_RETAIN_SELF = YES;
				CLANG_WARN_OBJC_LITERAL_CONVERSION = YES;
				CLANG_WARN_OBJC_ROOT_CLASS = YES_ERROR;
				CLANG_WARN_RANGE_LOOP_ANALYSIS = YES;
				CLANG_WARN_STRICT_PROTOTYPES = YES;
				CLANG_WARN_SUSPICIOUS_MOVE = YES;
				CLANG_WARN_UNGUARDED_AVAILABILITY = YES_AGGRESSIVE;
				CLANG_WARN_UNREACHABLE_CODE = YES;
				CLANG_WARN__DUPLICATE_METHOD_MATCH = YES;
				CODE_SIGN_IDENTITY = "iPhone Developer";
				COPY_PHASE_STRIP = NO;
				DEBUG_INFORMATION_FORMAT = dwarf;
				ENABLE_STRICT_OBJC_MSGSEND = YES;
				ENABLE_TESTABILITY = YES;
				GCC_C_LANGUAGE_STANDARD = gnu11;
				GCC_DYNAMIC_NO_PIC = NO;
				GCC_NO_COMMON_BLOCKS = YES;
				GCC_OPTIMIZATION_LEVEL = 0;
				GCC_PREPROCESSOR_DEFINITIONS = (
					"DEBUG=1",
					"$(inherited)",
				);
				GCC_WARN_64_TO_32_BIT_CONVERSION = YES;
				GCC_WARN_ABOUT_RETURN_TYPE = YES_ERROR;
				GCC_WARN_UNDECLARED_SELECTOR = YES;
				GCC_WARN_UNINITIALIZED_AUTOS = YES_AGGRESSIVE;
				GCC_WARN_UNUSED_FUNCTION = YES;
				GCC_WARN_UNUSED_VARIABLE = YES;
				IPHONEOS_DEPLOYMENT_TARGET = 11.4;
				MTL_ENABLE_DEBUG_INFO = YES;
				ONLY_ACTIVE_ARCH = YES;
				SDKROOT = iphoneos;
				SWIFT_ACTIVE_COMPILATION_CONDITIONS = DEBUG;
				SWIFT_OPTIMIZATION_LEVEL = "-Onone";
			};
			name = Debug;
		};
		524B66A320F7527000E67332 /* Release */ = {
			isa = XCBuildConfiguration;
			buildSettings = {
				ALWAYS_SEARCH_USER_PATHS = NO;
				CLANG_ANALYZER_NONNULL = YES;
				CLANG_ANALYZER_NUMBER_OBJECT_CONVERSION = YES_AGGRESSIVE;
				CLANG_CXX_LANGUAGE_STANDARD = "gnu++14";
				CLANG_CXX_LIBRARY = "libc++";
				CLANG_ENABLE_MODULES = YES;
				CLANG_ENABLE_OBJC_ARC = YES;
				CLANG_ENABLE_OBJC_WEAK = YES;
				CLANG_WARN_BLOCK_CAPTURE_AUTORELEASING = YES;
				CLANG_WARN_BOOL_CONVERSION = YES;
				CLANG_WARN_COMMA = YES;
				CLANG_WARN_CONSTANT_CONVERSION = YES;
				CLANG_WARN_DEPRECATED_OBJC_IMPLEMENTATIONS = YES;
				CLANG_WARN_DIRECT_OBJC_ISA_USAGE = YES_ERROR;
				CLANG_WARN_DOCUMENTATION_COMMENTS = YES;
				CLANG_WARN_EMPTY_BODY = YES;
				CLANG_WARN_ENUM_CONVERSION = YES;
				CLANG_WARN_INFINITE_RECURSION = YES;
				CLANG_WARN_INT_CONVERSION = YES;
				CLANG_WARN_NON_LITERAL_NULL_CONVERSION = YES;
				CLANG_WARN_OBJC_IMPLICIT_RETAIN_SELF = YES;
				CLANG_WARN_OBJC_LITERAL_CONVERSION = YES;
				CLANG_WARN_OBJC_ROOT_CLASS = YES_ERROR;
				CLANG_WARN_RANGE_LOOP_ANALYSIS = YES;
				CLANG_WARN_STRICT_PROTOTYPES = YES;
				CLANG_WARN_SUSPICIOUS_MOVE = YES;
				CLANG_WARN_UNGUARDED_AVAILABILITY = YES_AGGRESSIVE;
				CLANG_WARN_UNREACHABLE_CODE = YES;
				CLANG_WARN__DUPLICATE_METHOD_MATCH = YES;
				CODE_SIGN_IDENTITY = "iPhone Developer";
				COPY_PHASE_STRIP = NO;
				DEBUG_INFORMATION_FORMAT = "dwarf-with-dsym";
				ENABLE_NS_ASSERTIONS = NO;
				ENABLE_STRICT_OBJC_MSGSEND = YES;
				GCC_C_LANGUAGE_STANDARD = gnu11;
				GCC_NO_COMMON_BLOCKS = YES;
				GCC_WARN_64_TO_32_BIT_CONVERSION = YES;
				GCC_WARN_ABOUT_RETURN_TYPE = YES_ERROR;
				GCC_WARN_UNDECLARED_SELECTOR = YES;
				GCC_WARN_UNINITIALIZED_AUTOS = YES_AGGRESSIVE;
				GCC_WARN_UNUSED_FUNCTION = YES;
				GCC_WARN_UNUSED_VARIABLE = YES;
				IPHONEOS_DEPLOYMENT_TARGET = 11.4;
				MTL_ENABLE_DEBUG_INFO = NO;
				SDKROOT = iphoneos;
				SWIFT_COMPILATION_MODE = wholemodule;
				SWIFT_OPTIMIZATION_LEVEL = "-O";
				VALIDATE_PRODUCT = YES;
			};
			name = Release;
		};
		524B66A520F7527000E67332 /* Debug */ = {
			isa = XCBuildConfiguration;
			buildSettings = {
				ASSETCATALOG_COMPILER_APPICON_NAME = AppIcon;
				CODE_SIGN_STYLE = Automatic;
				DEVELOPMENT_TEAM = F72NM3PQH6;
				INFOPLIST_FILE = Aimer/Info.plist;
				IPHONEOS_DEPLOYMENT_TARGET = 10.0;
				LD_RUNPATH_SEARCH_PATHS = (
					"$(inherited)",
					"@executable_path/Frameworks",
				);
				PRODUCT_BUNDLE_IDENTIFIER = com.Carolar.Aimer;
				PRODUCT_NAME = "$(TARGET_NAME)";
				SWIFT_VERSION = 4.0;
				TARGETED_DEVICE_FAMILY = "1,2";
			};
			name = Debug;
		};
		524B66A620F7527000E67332 /* Release */ = {
			isa = XCBuildConfiguration;
			buildSettings = {
				ASSETCATALOG_COMPILER_APPICON_NAME = AppIcon;
				CODE_SIGN_STYLE = Automatic;
				DEVELOPMENT_TEAM = F72NM3PQH6;
				INFOPLIST_FILE = Aimer/Info.plist;
				IPHONEOS_DEPLOYMENT_TARGET = 10.0;
				LD_RUNPATH_SEARCH_PATHS = (
					"$(inherited)",
					"@executable_path/Frameworks",
				);
				PRODUCT_BUNDLE_IDENTIFIER = com.Carolar.Aimer;
				PRODUCT_NAME = "$(TARGET_NAME)";
				SWIFT_VERSION = 4.0;
				TARGETED_DEVICE_FAMILY = "1,2";
			};
			name = Release;
		};
/* End XCBuildConfiguration section */

/* Begin XCConfigurationList section */
		524B668D20F7526F00E67332 /* Build configuration list for PBXProject "Aimer" */ = {
			isa = XCConfigurationList;
			buildConfigurations = (
				524B66A220F7527000E67332 /* Debug */,
				524B66A320F7527000E67332 /* Release */,
			);
			defaultConfigurationIsVisible = 0;
			defaultConfigurationName = Release;
		};
		524B66A420F7527000E67332 /* Build configuration list for PBXNativeTarget "Aimer" */ = {
			isa = XCConfigurationList;
			buildConfigurations = (
				524B66A520F7527000E67332 /* Debug */,
				524B66A620F7527000E67332 /* Release */,
			);
			defaultConfigurationIsVisible = 0;
			defaultConfigurationName = Release;
		};
/* End XCConfigurationList section */
	};
	rootObject = 524B668A20F7526F00E67332 /* Project object */;
}
